// !$*UTF8*$!
{
	archiveVersion = 1;
	classes = {
	};
	objectVersion = 50;
	objects = {

/* Begin PBXBuildFile section */
		14576A27222543ED00FCD26E /* Set.swift in Sources */ = {isa = PBXBuildFile; fileRef = 14576A26222543ED00FCD26E /* Set.swift */; };
		14576A29222543F700FCD26E /* AdditiveGroup.swift in Sources */ = {isa = PBXBuildFile; fileRef = 14576A28222543F700FCD26E /* AdditiveGroup.swift */; };
		14576A2B2225440700FCD26E /* Module.swift in Sources */ = {isa = PBXBuildFile; fileRef = 14576A2A2225440700FCD26E /* Module.swift */; };
		14576A2D2225440E00FCD26E /* Group.swift in Sources */ = {isa = PBXBuildFile; fileRef = 14576A2C2225440E00FCD26E /* Group.swift */; };
		14576A2F2225441300FCD26E /* Ring.swift in Sources */ = {isa = PBXBuildFile; fileRef = 14576A2E2225441300FCD26E /* Ring.swift */; };
		14576A342225442300FCD26E /* EuclideanRing.swift in Sources */ = {isa = PBXBuildFile; fileRef = 14576A322225442300FCD26E /* EuclideanRing.swift */; };
		14576A352225442300FCD26E /* Field.swift in Sources */ = {isa = PBXBuildFile; fileRef = 14576A332225442300FCD26E /* Field.swift */; };
		14576A382225443000FCD26E /* VectorSpace.swift in Sources */ = {isa = PBXBuildFile; fileRef = 14576A362225443000FCD26E /* VectorSpace.swift */; };
		14576A3B2225445400FCD26E /* Monoid.swift in Sources */ = {isa = PBXBuildFile; fileRef = 14576A3A2225445400FCD26E /* Monoid.swift */; };
		14576A3D2225466000FCD26E /* Operators.swift in Sources */ = {isa = PBXBuildFile; fileRef = 14576A3C2225466000FCD26E /* Operators.swift */; };
		14576A472225469300FCD26E /* Real.swift in Sources */ = {isa = PBXBuildFile; fileRef = 14576A402225469300FCD26E /* Real.swift */; };
		14576A492225469300FCD26E /* Integer.swift in Sources */ = {isa = PBXBuildFile; fileRef = 14576A422225469300FCD26E /* Integer.swift */; };
		14576A4A2225469300FCD26E /* Complex.swift in Sources */ = {isa = PBXBuildFile; fileRef = 14576A432225469300FCD26E /* Complex.swift */; };
		14576A4D2225469300FCD26E /* Rational.swift in Sources */ = {isa = PBXBuildFile; fileRef = 14576A462225469300FCD26E /* Rational.swift */; };
		14576A5D222546C700FCD26E /* Vector.swift in Sources */ = {isa = PBXBuildFile; fileRef = 14576A50222546C700FCD26E /* Vector.swift */; };
		14576A66222546C700FCD26E /* Matrix.swift in Sources */ = {isa = PBXBuildFile; fileRef = 14576A5A222546C700FCD26E /* Matrix.swift */; };
		14576A67222546C700FCD26E /* SquareMatrix.swift in Sources */ = {isa = PBXBuildFile; fileRef = 14576A5B222546C700FCD26E /* SquareMatrix.swift */; };
		14576A692225472500FCD26E /* TypeParameters.swift in Sources */ = {isa = PBXBuildFile; fileRef = 14576A682225472500FCD26E /* TypeParameters.swift */; };
		14B91D0722262C9700452D74 /* RealFunctions.swift in Sources */ = {isa = PBXBuildFile; fileRef = 14B91D0622262C9700452D74 /* RealFunctions.swift */; };
		14B91D092226307F00452D74 /* CGExtensions.swift in Sources */ = {isa = PBXBuildFile; fileRef = 14B91D082226307F00452D74 /* CGExtensions.swift */; };
		14B91D0B2226316100452D74 /* MathExtensions.swift in Sources */ = {isa = PBXBuildFile; fileRef = 14B91D0A2226316100452D74 /* MathExtensions.swift */; };
		14B91D0D2226321B00452D74 /* FoundationExtensions.swift in Sources */ = {isa = PBXBuildFile; fileRef = 14B91D0C2226321B00452D74 /* FoundationExtensions.swift */; };
		14B91D0F22263CB600452D74 /* UIViewExtensions.swift in Sources */ = {isa = PBXBuildFile; fileRef = 14B91D0E22263CB600452D74 /* UIViewExtensions.swift */; };
		DD6C37E222251B7E0031D518 /* AppDelegate.swift in Sources */ = {isa = PBXBuildFile; fileRef = DD6C37E122251B7E0031D518 /* AppDelegate.swift */; };
		DD6C37E422251B7E0031D518 /* MasterViewController.swift in Sources */ = {isa = PBXBuildFile; fileRef = DD6C37E322251B7E0031D518 /* MasterViewController.swift */; };
		DD6C37E622251B7E0031D518 /* DetailViewController.swift in Sources */ = {isa = PBXBuildFile; fileRef = DD6C37E522251B7E0031D518 /* DetailViewController.swift */; };
		DD6C37E922251B7E0031D518 /* Main.storyboard in Resources */ = {isa = PBXBuildFile; fileRef = DD6C37E722251B7E0031D518 /* Main.storyboard */; };
		DD6C37EB22251B810031D518 /* Assets.xcassets in Resources */ = {isa = PBXBuildFile; fileRef = DD6C37EA22251B810031D518 /* Assets.xcassets */; };
		DD6C37EE22251B810031D518 /* LaunchScreen.storyboard in Resources */ = {isa = PBXBuildFile; fileRef = DD6C37EC22251B810031D518 /* LaunchScreen.storyboard */; };
		DD6C37F922251B810031D518 /* LinAlgTests.swift in Sources */ = {isa = PBXBuildFile; fileRef = DD6C37F822251B810031D518 /* LinAlgTests.swift */; };
		DD6C380522251DE50031D518 /* PlaneView.swift in Sources */ = {isa = PBXBuildFile; fileRef = DD6C380422251DE50031D518 /* PlaneView.swift */; };
		DD6C38082225245E0031D518 /* VectorView.swift in Sources */ = {isa = PBXBuildFile; fileRef = DD6C38072225245E0031D518 /* VectorView.swift */; };
/* End PBXBuildFile section */

/* Begin PBXContainerItemProxy section */
		DD6C37F522251B810031D518 /* PBXContainerItemProxy */ = {
			isa = PBXContainerItemProxy;
			containerPortal = DD6C37D622251B7E0031D518 /* Project object */;
			proxyType = 1;
			remoteGlobalIDString = DD6C37DD22251B7E0031D518;
			remoteInfo = LinAlg;
		};
/* End PBXContainerItemProxy section */

/* Begin PBXFileReference section */
		14576A26222543ED00FCD26E /* Set.swift */ = {isa = PBXFileReference; fileEncoding = 4; lastKnownFileType = sourcecode.swift; path = Set.swift; sourceTree = "<group>"; };
		14576A28222543F700FCD26E /* AdditiveGroup.swift */ = {isa = PBXFileReference; fileEncoding = 4; lastKnownFileType = sourcecode.swift; path = AdditiveGroup.swift; sourceTree = "<group>"; };
		14576A2A2225440700FCD26E /* Module.swift */ = {isa = PBXFileReference; fileEncoding = 4; lastKnownFileType = sourcecode.swift; path = Module.swift; sourceTree = "<group>"; };
		14576A2C2225440E00FCD26E /* Group.swift */ = {isa = PBXFileReference; fileEncoding = 4; lastKnownFileType = sourcecode.swift; path = Group.swift; sourceTree = "<group>"; };
		14576A2E2225441300FCD26E /* Ring.swift */ = {isa = PBXFileReference; fileEncoding = 4; lastKnownFileType = sourcecode.swift; path = Ring.swift; sourceTree = "<group>"; };
		14576A322225442300FCD26E /* EuclideanRing.swift */ = {isa = PBXFileReference; fileEncoding = 4; lastKnownFileType = sourcecode.swift; path = EuclideanRing.swift; sourceTree = "<group>"; };
		14576A332225442300FCD26E /* Field.swift */ = {isa = PBXFileReference; fileEncoding = 4; lastKnownFileType = sourcecode.swift; path = Field.swift; sourceTree = "<group>"; };
		14576A362225443000FCD26E /* VectorSpace.swift */ = {isa = PBXFileReference; fileEncoding = 4; lastKnownFileType = sourcecode.swift; path = VectorSpace.swift; sourceTree = "<group>"; };
		14576A3A2225445400FCD26E /* Monoid.swift */ = {isa = PBXFileReference; fileEncoding = 4; lastKnownFileType = sourcecode.swift; path = Monoid.swift; sourceTree = "<group>"; };
		14576A3C2225466000FCD26E /* Operators.swift */ = {isa = PBXFileReference; fileEncoding = 4; lastKnownFileType = sourcecode.swift; path = Operators.swift; sourceTree = "<group>"; };
		14576A402225469300FCD26E /* Real.swift */ = {isa = PBXFileReference; fileEncoding = 4; lastKnownFileType = sourcecode.swift; path = Real.swift; sourceTree = "<group>"; };
		14576A422225469300FCD26E /* Integer.swift */ = {isa = PBXFileReference; fileEncoding = 4; lastKnownFileType = sourcecode.swift; path = Integer.swift; sourceTree = "<group>"; };
		14576A432225469300FCD26E /* Complex.swift */ = {isa = PBXFileReference; fileEncoding = 4; lastKnownFileType = sourcecode.swift; path = Complex.swift; sourceTree = "<group>"; };
		14576A462225469300FCD26E /* Rational.swift */ = {isa = PBXFileReference; fileEncoding = 4; lastKnownFileType = sourcecode.swift; path = Rational.swift; sourceTree = "<group>"; };
		14576A50222546C700FCD26E /* Vector.swift */ = {isa = PBXFileReference; fileEncoding = 4; lastKnownFileType = sourcecode.swift; path = Vector.swift; sourceTree = "<group>"; };
		14576A5A222546C700FCD26E /* Matrix.swift */ = {isa = PBXFileReference; fileEncoding = 4; lastKnownFileType = sourcecode.swift; path = Matrix.swift; sourceTree = "<group>"; };
		14576A5B222546C700FCD26E /* SquareMatrix.swift */ = {isa = PBXFileReference; fileEncoding = 4; lastKnownFileType = sourcecode.swift; path = SquareMatrix.swift; sourceTree = "<group>"; };
		14576A682225472500FCD26E /* TypeParameters.swift */ = {isa = PBXFileReference; fileEncoding = 4; lastKnownFileType = sourcecode.swift; path = TypeParameters.swift; sourceTree = "<group>"; };
		14B91D0622262C9700452D74 /* RealFunctions.swift */ = {isa = PBXFileReference; lastKnownFileType = sourcecode.swift; path = RealFunctions.swift; sourceTree = "<group>"; };
		14B91D082226307F00452D74 /* CGExtensions.swift */ = {isa = PBXFileReference; lastKnownFileType = sourcecode.swift; path = CGExtensions.swift; sourceTree = "<group>"; };
		14B91D0A2226316100452D74 /* MathExtensions.swift */ = {isa = PBXFileReference; lastKnownFileType = sourcecode.swift; path = MathExtensions.swift; sourceTree = "<group>"; };
		14B91D0C2226321B00452D74 /* FoundationExtensions.swift */ = {isa = PBXFileReference; lastKnownFileType = sourcecode.swift; path = FoundationExtensions.swift; sourceTree = "<group>"; };
		14B91D0E22263CB600452D74 /* UIViewExtensions.swift */ = {isa = PBXFileReference; lastKnownFileType = sourcecode.swift; path = UIViewExtensions.swift; sourceTree = "<group>"; };
		DD6C37DE22251B7E0031D518 /* LinAlg.app */ = {isa = PBXFileReference; explicitFileType = wrapper.application; includeInIndex = 0; path = LinAlg.app; sourceTree = BUILT_PRODUCTS_DIR; };
		DD6C37E122251B7E0031D518 /* AppDelegate.swift */ = {isa = PBXFileReference; lastKnownFileType = sourcecode.swift; path = AppDelegate.swift; sourceTree = "<group>"; };
		DD6C37E322251B7E0031D518 /* MasterViewController.swift */ = {isa = PBXFileReference; lastKnownFileType = sourcecode.swift; path = MasterViewController.swift; sourceTree = "<group>"; };
		DD6C37E522251B7E0031D518 /* DetailViewController.swift */ = {isa = PBXFileReference; lastKnownFileType = sourcecode.swift; path = DetailViewController.swift; sourceTree = "<group>"; };
		DD6C37E822251B7E0031D518 /* Base */ = {isa = PBXFileReference; lastKnownFileType = file.storyboard; name = Base; path = Base.lproj/Main.storyboard; sourceTree = "<group>"; };
		DD6C37EA22251B810031D518 /* Assets.xcassets */ = {isa = PBXFileReference; lastKnownFileType = folder.assetcatalog; path = Assets.xcassets; sourceTree = "<group>"; };
		DD6C37ED22251B810031D518 /* Base */ = {isa = PBXFileReference; lastKnownFileType = file.storyboard; name = Base; path = Base.lproj/LaunchScreen.storyboard; sourceTree = "<group>"; };
		DD6C37EF22251B810031D518 /* Info.plist */ = {isa = PBXFileReference; lastKnownFileType = text.plist.xml; path = Info.plist; sourceTree = "<group>"; };
		DD6C37F422251B810031D518 /* LinAlgTests.xctest */ = {isa = PBXFileReference; explicitFileType = wrapper.cfbundle; includeInIndex = 0; path = LinAlgTests.xctest; sourceTree = BUILT_PRODUCTS_DIR; };
		DD6C37F822251B810031D518 /* LinAlgTests.swift */ = {isa = PBXFileReference; lastKnownFileType = sourcecode.swift; path = LinAlgTests.swift; sourceTree = "<group>"; };
		DD6C37FA22251B810031D518 /* Info.plist */ = {isa = PBXFileReference; lastKnownFileType = text.plist.xml; path = Info.plist; sourceTree = "<group>"; };
		DD6C380422251DE50031D518 /* PlaneView.swift */ = {isa = PBXFileReference; lastKnownFileType = sourcecode.swift; path = PlaneView.swift; sourceTree = "<group>"; };
		DD6C38072225245E0031D518 /* VectorView.swift */ = {isa = PBXFileReference; lastKnownFileType = sourcecode.swift; path = VectorView.swift; sourceTree = "<group>"; };
/* End PBXFileReference section */

/* Begin PBXFrameworksBuildPhase section */
		DD6C37DB22251B7E0031D518 /* Frameworks */ = {
			isa = PBXFrameworksBuildPhase;
			buildActionMask = 2147483647;
			files = (
			);
			runOnlyForDeploymentPostprocessing = 0;
		};
		DD6C37F122251B810031D518 /* Frameworks */ = {
			isa = PBXFrameworksBuildPhase;
			buildActionMask = 2147483647;
			files = (
			);
			runOnlyForDeploymentPostprocessing = 0;
		};
/* End PBXFrameworksBuildPhase section */

/* Begin PBXGroup section */
		14576A25222543CB00FCD26E /* Math */ = {
			isa = PBXGroup;
			children = (
				14576A3E2225467D00FCD26E /* Abstract */,
				14576A3F2225469300FCD26E /* Numbers */,
				14B91D0522262C7B00452D74 /* Functions */,
				14576A4E222546C700FCD26E /* Matrix */,
				14B91D042226216A00452D74 /* Misc */,
			);
			path = Math;
			sourceTree = "<group>";
		};
		14576A3E2225467D00FCD26E /* Abstract */ = {
			isa = PBXGroup;
			children = (
				14576A26222543ED00FCD26E /* Set.swift */,
				14576A3A2225445400FCD26E /* Monoid.swift */,
				14576A2C2225440E00FCD26E /* Group.swift */,
				14576A28222543F700FCD26E /* AdditiveGroup.swift */,
				14576A2E2225441300FCD26E /* Ring.swift */,
				14576A322225442300FCD26E /* EuclideanRing.swift */,
				14576A332225442300FCD26E /* Field.swift */,
				14576A2A2225440700FCD26E /* Module.swift */,
				14576A362225443000FCD26E /* VectorSpace.swift */,
			);
			path = Abstract;
			sourceTree = "<group>";
		};
		14576A3F2225469300FCD26E /* Numbers */ = {
			isa = PBXGroup;
			children = (
				14576A422225469300FCD26E /* Integer.swift */,
				14576A462225469300FCD26E /* Rational.swift */,
				14576A402225469300FCD26E /* Real.swift */,
				14576A432225469300FCD26E /* Complex.swift */,
			);
			path = Numbers;
			sourceTree = "<group>";
		};
		14576A4E222546C700FCD26E /* Matrix */ = {
			isa = PBXGroup;
			children = (
				14576A5A222546C700FCD26E /* Matrix.swift */,
				14576A50222546C700FCD26E /* Vector.swift */,
				14576A5B222546C700FCD26E /* SquareMatrix.swift */,
			);
			path = Matrix;
			sourceTree = "<group>";
		};
		14576A6A2225473E00FCD26E /* Extensions */ = {
			isa = PBXGroup;
			children = (
				14B91D0C2226321B00452D74 /* FoundationExtensions.swift */,
				14B91D082226307F00452D74 /* CGExtensions.swift */,
				14B91D0E22263CB600452D74 /* UIViewExtensions.swift */,
				14B91D0A2226316100452D74 /* MathExtensions.swift */,
			);
			path = Extensions;
			sourceTree = "<group>";
		};
		14B91D042226216A00452D74 /* Misc */ = {
			isa = PBXGroup;
			children = (
				14576A3C2225466000FCD26E /* Operators.swift */,
				14576A682225472500FCD26E /* TypeParameters.swift */,
			);
			path = Misc;
			sourceTree = "<group>";
		};
		14B91D0522262C7B00452D74 /* Functions */ = {
			isa = PBXGroup;
			children = (
				14B91D0622262C9700452D74 /* RealFunctions.swift */,
			);
			path = Functions;
			sourceTree = "<group>";
		};
		DD6C37D522251B7E0031D518 = {
			isa = PBXGroup;
			children = (
				DD6C37E022251B7E0031D518 /* LinAlg */,
				DD6C37F722251B810031D518 /* LinAlgTests */,
				DD6C37DF22251B7E0031D518 /* Products */,
			);
			sourceTree = "<group>";
		};
		DD6C37DF22251B7E0031D518 /* Products */ = {
			isa = PBXGroup;
			children = (
				DD6C37DE22251B7E0031D518 /* LinAlg.app */,
				DD6C37F422251B810031D518 /* LinAlgTests.xctest */,
			);
			name = Products;
			sourceTree = "<group>";
		};
		DD6C37E022251B7E0031D518 /* LinAlg */ = {
			isa = PBXGroup;
			children = (
				14576A25222543CB00FCD26E /* Math */,
				DD6C38062225244D0031D518 /* Views */,
				DD6C380322251C000031D518 /* ViewControllers */,
				14576A6A2225473E00FCD26E /* Extensions */,
				DD6C37E122251B7E0031D518 /* AppDelegate.swift */,
				DD6C37E722251B7E0031D518 /* Main.storyboard */,
				DD6C37EA22251B810031D518 /* Assets.xcassets */,
				DD6C37EC22251B810031D518 /* LaunchScreen.storyboard */,
				DD6C37EF22251B810031D518 /* Info.plist */,
			);
			path = LinAlg;
			sourceTree = "<group>";
		};
		DD6C37F722251B810031D518 /* LinAlgTests */ = {
			isa = PBXGroup;
			children = (
				DD6C37F822251B810031D518 /* LinAlgTests.swift */,
				DD6C37FA22251B810031D518 /* Info.plist */,
			);
			path = LinAlgTests;
			sourceTree = "<group>";
		};
		DD6C380322251C000031D518 /* ViewControllers */ = {
			isa = PBXGroup;
			children = (
				DD6C37E322251B7E0031D518 /* MasterViewController.swift */,
				DD6C37E522251B7E0031D518 /* DetailViewController.swift */,
			);
			path = ViewControllers;
			sourceTree = "<group>";
		};
		DD6C38062225244D0031D518 /* Views */ = {
			isa = PBXGroup;
			children = (
				DD6C380422251DE50031D518 /* PlaneView.swift */,
				DD6C38072225245E0031D518 /* VectorView.swift */,
			);
			path = Views;
			sourceTree = "<group>";
		};
/* End PBXGroup section */

/* Begin PBXNativeTarget section */
		DD6C37DD22251B7E0031D518 /* LinAlg */ = {
			isa = PBXNativeTarget;
			buildConfigurationList = DD6C37FD22251B810031D518 /* Build configuration list for PBXNativeTarget "LinAlg" */;
			buildPhases = (
				DD6C37DA22251B7E0031D518 /* Sources */,
				DD6C37DB22251B7E0031D518 /* Frameworks */,
				DD6C37DC22251B7E0031D518 /* Resources */,
			);
			buildRules = (
			);
			dependencies = (
			);
			name = LinAlg;
			productName = LinAlg;
			productReference = DD6C37DE22251B7E0031D518 /* LinAlg.app */;
			productType = "com.apple.product-type.application";
		};
		DD6C37F322251B810031D518 /* LinAlgTests */ = {
			isa = PBXNativeTarget;
			buildConfigurationList = DD6C380022251B810031D518 /* Build configuration list for PBXNativeTarget "LinAlgTests" */;
			buildPhases = (
				DD6C37F022251B810031D518 /* Sources */,
				DD6C37F122251B810031D518 /* Frameworks */,
				DD6C37F222251B810031D518 /* Resources */,
			);
			buildRules = (
			);
			dependencies = (
				DD6C37F622251B810031D518 /* PBXTargetDependency */,
			);
			name = LinAlgTests;
			productName = LinAlgTests;
			productReference = DD6C37F422251B810031D518 /* LinAlgTests.xctest */;
			productType = "com.apple.product-type.bundle.unit-test";
		};
/* End PBXNativeTarget section */

/* Begin PBXProject section */
		DD6C37D622251B7E0031D518 /* Project object */ = {
			isa = PBXProject;
			attributes = {
				LastSwiftUpdateCheck = 1000;
				LastUpgradeCheck = 1000;
				ORGANIZATIONNAME = "Taketo Sano";
				TargetAttributes = {
					DD6C37DD22251B7E0031D518 = {
						CreatedOnToolsVersion = 10.0;
					};
					DD6C37F322251B810031D518 = {
						CreatedOnToolsVersion = 10.0;
						TestTargetID = DD6C37DD22251B7E0031D518;
					};
				};
			};
			buildConfigurationList = DD6C37D922251B7E0031D518 /* Build configuration list for PBXProject "LinAlg" */;
			compatibilityVersion = "Xcode 9.3";
			developmentRegion = en;
			hasScannedForEncodings = 0;
			knownRegions = (
				en,
				Base,
			);
			mainGroup = DD6C37D522251B7E0031D518;
			productRefGroup = DD6C37DF22251B7E0031D518 /* Products */;
			projectDirPath = "";
			projectRoot = "";
			targets = (
				DD6C37DD22251B7E0031D518 /* LinAlg */,
				DD6C37F322251B810031D518 /* LinAlgTests */,
			);
		};
/* End PBXProject section */

/* Begin PBXResourcesBuildPhase section */
		DD6C37DC22251B7E0031D518 /* Resources */ = {
			isa = PBXResourcesBuildPhase;
			buildActionMask = 2147483647;
			files = (
				DD6C37EE22251B810031D518 /* LaunchScreen.storyboard in Resources */,
				DD6C37EB22251B810031D518 /* Assets.xcassets in Resources */,
				DD6C37E922251B7E0031D518 /* Main.storyboard in Resources */,
			);
			runOnlyForDeploymentPostprocessing = 0;
		};
		DD6C37F222251B810031D518 /* Resources */ = {
			isa = PBXResourcesBuildPhase;
			buildActionMask = 2147483647;
			files = (
			);
			runOnlyForDeploymentPostprocessing = 0;
		};
/* End PBXResourcesBuildPhase section */

/* Begin PBXSourcesBuildPhase section */
		DD6C37DA22251B7E0031D518 /* Sources */ = {
			isa = PBXSourcesBuildPhase;
			buildActionMask = 2147483647;
			files = (
				14576A2D2225440E00FCD26E /* Group.swift in Sources */,
				14576A382225443000FCD26E /* VectorSpace.swift in Sources */,
				DD6C38082225245E0031D518 /* VectorView.swift in Sources */,
				14576A472225469300FCD26E /* Real.swift in Sources */,
				14576A692225472500FCD26E /* TypeParameters.swift in Sources */,
				DD6C37E622251B7E0031D518 /* DetailViewController.swift in Sources */,
				14576A27222543ED00FCD26E /* Set.swift in Sources */,
				14576A342225442300FCD26E /* EuclideanRing.swift in Sources */,
				14B91D0D2226321B00452D74 /* FoundationExtensions.swift in Sources */,
				14576A66222546C700FCD26E /* Matrix.swift in Sources */,
				14576A492225469300FCD26E /* Integer.swift in Sources */,
				14576A4A2225469300FCD26E /* Complex.swift in Sources */,
				14B91D0B2226316100452D74 /* MathExtensions.swift in Sources */,
				14B91D0722262C9700452D74 /* RealFunctions.swift in Sources */,
				14576A29222543F700FCD26E /* AdditiveGroup.swift in Sources */,
				DD6C380522251DE50031D518 /* PlaneView.swift in Sources */,
				14576A352225442300FCD26E /* Field.swift in Sources */,
				14576A5D222546C700FCD26E /* Vector.swift in Sources */,
				14576A3D2225466000FCD26E /* Operators.swift in Sources */,
				14576A67222546C700FCD26E /* SquareMatrix.swift in Sources */,
				14576A2B2225440700FCD26E /* Module.swift in Sources */,
				14576A2F2225441300FCD26E /* Ring.swift in Sources */,
				14B91D0F22263CB600452D74 /* UIViewExtensions.swift in Sources */,
				DD6C37E422251B7E0031D518 /* MasterViewController.swift in Sources */,
				14576A3B2225445400FCD26E /* Monoid.swift in Sources */,
				DD6C37E222251B7E0031D518 /* AppDelegate.swift in Sources */,
				14576A4D2225469300FCD26E /* Rational.swift in Sources */,
				14B91D092226307F00452D74 /* CGExtensions.swift in Sources */,
			);
			runOnlyForDeploymentPostprocessing = 0;
		};
		DD6C37F022251B810031D518 /* Sources */ = {
			isa = PBXSourcesBuildPhase;
			buildActionMask = 2147483647;
			files = (
				DD6C37F922251B810031D518 /* LinAlgTests.swift in Sources */,
			);
			runOnlyForDeploymentPostprocessing = 0;
		};
/* End PBXSourcesBuildPhase section */

/* Begin PBXTargetDependency section */
		DD6C37F622251B810031D518 /* PBXTargetDependency */ = {
			isa = PBXTargetDependency;
			target = DD6C37DD22251B7E0031D518 /* LinAlg */;
			targetProxy = DD6C37F522251B810031D518 /* PBXContainerItemProxy */;
		};
/* End PBXTargetDependency section */

/* Begin PBXVariantGroup section */
		DD6C37E722251B7E0031D518 /* Main.storyboard */ = {
			isa = PBXVariantGroup;
			children = (
				DD6C37E822251B7E0031D518 /* Base */,
			);
			name = Main.storyboard;
			sourceTree = "<group>";
		};
		DD6C37EC22251B810031D518 /* LaunchScreen.storyboard */ = {
			isa = PBXVariantGroup;
			children = (
				DD6C37ED22251B810031D518 /* Base */,
			);
			name = LaunchScreen.storyboard;
			sourceTree = "<group>";
		};
/* End PBXVariantGroup section */

/* Begin XCBuildConfiguration section */
		DD6C37FB22251B810031D518 /* Debug */ = {
			isa = XCBuildConfiguration;
			buildSettings = {
				ALWAYS_SEARCH_USER_PATHS = NO;
				CLANG_ANALYZER_NONNULL = YES;
				CLANG_ANALYZER_NUMBER_OBJECT_CONVERSION = YES_AGGRESSIVE;
				CLANG_CXX_LANGUAGE_STANDARD = "gnu++14";
				CLANG_CXX_LIBRARY = "libc++";
				CLANG_ENABLE_MODULES = YES;
				CLANG_ENABLE_OBJC_ARC = YES;
				CLANG_ENABLE_OBJC_WEAK = YES;
				CLANG_WARN_BLOCK_CAPTURE_AUTORELEASING = YES;
				CLANG_WARN_BOOL_CONVERSION = YES;
				CLANG_WARN_COMMA = YES;
				CLANG_WARN_CONSTANT_CONVERSION = YES;
				CLANG_WARN_DEPRECATED_OBJC_IMPLEMENTATIONS = YES;
				CLANG_WARN_DIRECT_OBJC_ISA_USAGE = YES_ERROR;
				CLANG_WARN_DOCUMENTATION_COMMENTS = YES;
				CLANG_WARN_EMPTY_BODY = YES;
				CLANG_WARN_ENUM_CONVERSION = YES;
				CLANG_WARN_INFINITE_RECURSION = YES;
				CLANG_WARN_INT_CONVERSION = YES;
				CLANG_WARN_NON_LITERAL_NULL_CONVERSION = YES;
				CLANG_WARN_OBJC_IMPLICIT_RETAIN_SELF = YES;
				CLANG_WARN_OBJC_LITERAL_CONVERSION = YES;
				CLANG_WARN_OBJC_ROOT_CLASS = YES_ERROR;
				CLANG_WARN_RANGE_LOOP_ANALYSIS = YES;
				CLANG_WARN_STRICT_PROTOTYPES = YES;
				CLANG_WARN_SUSPICIOUS_MOVE = YES;
				CLANG_WARN_UNGUARDED_AVAILABILITY = YES_AGGRESSIVE;
				CLANG_WARN_UNREACHABLE_CODE = YES;
				CLANG_WARN__DUPLICATE_METHOD_MATCH = YES;
				CODE_SIGN_IDENTITY = "iPhone Developer";
				COPY_PHASE_STRIP = NO;
				DEBUG_INFORMATION_FORMAT = dwarf;
				ENABLE_STRICT_OBJC_MSGSEND = YES;
				ENABLE_TESTABILITY = YES;
				GCC_C_LANGUAGE_STANDARD = gnu11;
				GCC_DYNAMIC_NO_PIC = NO;
				GCC_NO_COMMON_BLOCKS = YES;
				GCC_OPTIMIZATION_LEVEL = 0;
				GCC_PREPROCESSOR_DEFINITIONS = (
					"DEBUG=1",
					"$(inherited)",
				);
				GCC_WARN_64_TO_32_BIT_CONVERSION = YES;
				GCC_WARN_ABOUT_RETURN_TYPE = YES_ERROR;
				GCC_WARN_UNDECLARED_SELECTOR = YES;
				GCC_WARN_UNINITIALIZED_AUTOS = YES_AGGRESSIVE;
				GCC_WARN_UNUSED_FUNCTION = YES;
				GCC_WARN_UNUSED_VARIABLE = YES;
				IPHONEOS_DEPLOYMENT_TARGET = 12.0;
				MTL_ENABLE_DEBUG_INFO = INCLUDE_SOURCE;
				MTL_FAST_MATH = YES;
				ONLY_ACTIVE_ARCH = YES;
				SDKROOT = iphoneos;
				SWIFT_ACTIVE_COMPILATION_CONDITIONS = DEBUG;
				SWIFT_OPTIMIZATION_LEVEL = "-Onone";
			};
			name = Debug;
		};
		DD6C37FC22251B810031D518 /* Release */ = {
			isa = XCBuildConfiguration;
			buildSettings = {
				ALWAYS_SEARCH_USER_PATHS = NO;
				CLANG_ANALYZER_NONNULL = YES;
				CLANG_ANALYZER_NUMBER_OBJECT_CONVERSION = YES_AGGRESSIVE;
				CLANG_CXX_LANGUAGE_STANDARD = "gnu++14";
				CLANG_CXX_LIBRARY = "libc++";
				CLANG_ENABLE_MODULES = YES;
				CLANG_ENABLE_OBJC_ARC = YES;
				CLANG_ENABLE_OBJC_WEAK = YES;
				CLANG_WARN_BLOCK_CAPTURE_AUTORELEASING = YES;
				CLANG_WARN_BOOL_CONVERSION = YES;
				CLANG_WARN_COMMA = YES;
				CLANG_WARN_CONSTANT_CONVERSION = YES;
				CLANG_WARN_DEPRECATED_OBJC_IMPLEMENTATIONS = YES;
				CLANG_WARN_DIRECT_OBJC_ISA_USAGE = YES_ERROR;
				CLANG_WARN_DOCUMENTATION_COMMENTS = YES;
				CLANG_WARN_EMPTY_BODY = YES;
				CLANG_WARN_ENUM_CONVERSION = YES;
				CLANG_WARN_INFINITE_RECURSION = YES;
				CLANG_WARN_INT_CONVERSION = YES;
				CLANG_WARN_NON_LITERAL_NULL_CONVERSION = YES;
				CLANG_WARN_OBJC_IMPLICIT_RETAIN_SELF = YES;
				CLANG_WARN_OBJC_LITERAL_CONVERSION = YES;
				CLANG_WARN_OBJC_ROOT_CLASS = YES_ERROR;
				CLANG_WARN_RANGE_LOOP_ANALYSIS = YES;
				CLANG_WARN_STRICT_PROTOTYPES = YES;
				CLANG_WARN_SUSPICIOUS_MOVE = YES;
				CLANG_WARN_UNGUARDED_AVAILABILITY = YES_AGGRESSIVE;
				CLANG_WARN_UNREACHABLE_CODE = YES;
				CLANG_WARN__DUPLICATE_METHOD_MATCH = YES;
				CODE_SIGN_IDENTITY = "iPhone Developer";
				COPY_PHASE_STRIP = NO;
				DEBUG_INFORMATION_FORMAT = "dwarf-with-dsym";
				ENABLE_NS_ASSERTIONS = NO;
				ENABLE_STRICT_OBJC_MSGSEND = YES;
				GCC_C_LANGUAGE_STANDARD = gnu11;
				GCC_NO_COMMON_BLOCKS = YES;
				GCC_WARN_64_TO_32_BIT_CONVERSION = YES;
				GCC_WARN_ABOUT_RETURN_TYPE = YES_ERROR;
				GCC_WARN_UNDECLARED_SELECTOR = YES;
				GCC_WARN_UNINITIALIZED_AUTOS = YES_AGGRESSIVE;
				GCC_WARN_UNUSED_FUNCTION = YES;
				GCC_WARN_UNUSED_VARIABLE = YES;
				IPHONEOS_DEPLOYMENT_TARGET = 12.0;
				MTL_ENABLE_DEBUG_INFO = NO;
				MTL_FAST_MATH = YES;
				SDKROOT = iphoneos;
				SWIFT_COMPILATION_MODE = wholemodule;
				SWIFT_OPTIMIZATION_LEVEL = "-O";
				VALIDATE_PRODUCT = YES;
			};
			name = Release;
		};
		DD6C37FE22251B810031D518 /* Debug */ = {
			isa = XCBuildConfiguration;
			buildSettings = {
				ASSETCATALOG_COMPILER_APPICON_NAME = AppIcon;
				CODE_SIGN_STYLE = Automatic;
				INFOPLIST_FILE = LinAlg/Info.plist;
				LD_RUNPATH_SEARCH_PATHS = (
					"$(inherited)",
					"@executable_path/Frameworks",
				);
				PRODUCT_BUNDLE_IDENTIFIER = jp.taketo1024.LinAlg;
				PRODUCT_NAME = "$(TARGET_NAME)";
				SWIFT_VERSION = 4.2;
				TARGETED_DEVICE_FAMILY = "1,2";
			};
			name = Debug;
		};
		DD6C37FF22251B810031D518 /* Release */ = {
			isa = XCBuildConfiguration;
			buildSettings = {
				ASSETCATALOG_COMPILER_APPICON_NAME = AppIcon;
				CODE_SIGN_STYLE = Automatic;
				INFOPLIST_FILE = LinAlg/Info.plist;
				LD_RUNPATH_SEARCH_PATHS = (
					"$(inherited)",
					"@executable_path/Frameworks",
				);
				PRODUCT_BUNDLE_IDENTIFIER = jp.taketo1024.LinAlg;
				PRODUCT_NAME = "$(TARGET_NAME)";
				SWIFT_VERSION = 4.2;
				TARGETED_DEVICE_FAMILY = "1,2";
			};
			name = Release;
		};
		DD6C380122251B810031D518 /* Debug */ = {
			isa = XCBuildConfiguration;
			buildSettings = {
				ALWAYS_EMBED_SWIFT_STANDARD_LIBRARIES = YES;
				BUNDLE_LOADER = "$(TEST_HOST)";
				CODE_SIGN_STYLE = Automatic;
				INFOPLIST_FILE = LinAlgTests/Info.plist;
				LD_RUNPATH_SEARCH_PATHS = (
					"$(inherited)",
					"@executable_path/Frameworks",
					"@loader_path/Frameworks",
				);
				PRODUCT_BUNDLE_IDENTIFIER = jp.taketo1024.LinAlgTests;
				PRODUCT_NAME = "$(TARGET_NAME)";
				SWIFT_VERSION = 4.2;
				TARGETED_DEVICE_FAMILY = "1,2";
				TEST_HOST = "$(BUILT_PRODUCTS_DIR)/LinAlg.app/LinAlg";
			};
			name = Debug;
		};
		DD6C380222251B810031D518 /* Release */ = {
			isa = XCBuildConfiguration;
			buildSettings = {
				ALWAYS_EMBED_SWIFT_STANDARD_LIBRARIES = YES;
				BUNDLE_LOADER = "$(TEST_HOST)";
				CODE_SIGN_STYLE = Automatic;
				INFOPLIST_FILE = LinAlgTests/Info.plist;
				LD_RUNPATH_SEARCH_PATHS = (
					"$(inherited)",
					"@executable_path/Frameworks",
					"@loader_path/Frameworks",
				);
				PRODUCT_BUNDLE_IDENTIFIER = jp.taketo1024.LinAlgTests;
				PRODUCT_NAME = "$(TARGET_NAME)";
				SWIFT_VERSION = 4.2;
				TARGETED_DEVICE_FAMILY = "1,2";
				TEST_HOST = "$(BUILT_PRODUCTS_DIR)/LinAlg.app/LinAlg";
			};
			name = Release;
		};
/* End XCBuildConfiguration section */

/* Begin XCConfigurationList section */
		DD6C37D922251B7E0031D518 /* Build configuration list for PBXProject "LinAlg" */ = {
			isa = XCConfigurationList;
			buildConfigurations = (
				DD6C37FB22251B810031D518 /* Debug */,
				DD6C37FC22251B810031D518 /* Release */,
			);
			defaultConfigurationIsVisible = 0;
			defaultConfigurationName = Release;
		};
		DD6C37FD22251B810031D518 /* Build configuration list for PBXNativeTarget "LinAlg" */ = {
			isa = XCConfigurationList;
			buildConfigurations = (
				DD6C37FE22251B810031D518 /* Debug */,
				DD6C37FF22251B810031D518 /* Release */,
			);
			defaultConfigurationIsVisible = 0;
			defaultConfigurationName = Release;
		};
		DD6C380022251B810031D518 /* Build configuration list for PBXNativeTarget "LinAlgTests" */ = {
			isa = XCConfigurationList;
			buildConfigurations = (
				DD6C380122251B810031D518 /* Debug */,
				DD6C380222251B810031D518 /* Release */,
			);
			defaultConfigurationIsVisible = 0;
			defaultConfigurationName = Release;
		};
/* End XCConfigurationList section */
	};
	rootObject = DD6C37D622251B7E0031D518 /* Project object */;
}
